
Microsoft Visual Studio Solution File, Format Version 12.00
# Visual Studio Version 17
VisualStudioVersion = 17.7.34221.43
MinimumVisualStudioVersion = 10.0.40219.1
Project("{9A19103F-16F7-4668-BE54-9A1E7A4F7556}") = "mobileStore.WebApp", "mobileStore.WebApp\mobileStore.WebApp.csproj", "{C80E4D5D-60EA-4D92-B4A1-6C748B0CB5FA}"
EndProject
Project("{9A19103F-16F7-4668-BE54-9A1E7A4F7556}") = "mobileStore.Data", "mobileStore.Data\mobileStore.Data.csproj", "{D85A0412-0D7B-415E-8850-8EA3981460C2}"
EndProject
Project("{9A19103F-16F7-4668-BE54-9A1E7A4F7556}") = "mobileStore.Application", "mobileStore.Application\mobileStore.Application.csproj", "{14CF2CA5-055D-436F-A77B-BC50AC14B8BB}"
EndProject
Project("{2150E333-8FDC-42A3-9474-1A3956D46DE8}") = "0. Solution Items", "0. Solution Items", "{EEC04075-F1CA-4959-BB73-14959AF9C790}"
	ProjectSection(SolutionItems) = preProject
		README.md = README.md
	EndProjectSection
EndProject
Project("{9A19103F-16F7-4668-BE54-9A1E7A4F7556}") = "mobileStore.Utilities", "mobileStore.Utilities\mobileStore.Utilities.csproj", "{9EE1CC4A-3315-497C-933C-246E5474D694}"
EndProject
Project("{9A19103F-16F7-4668-BE54-9A1E7A4F7556}") = "mobileStore.ViewModels", "mobileStore.ViewModels\mobileStore.ViewModels.csproj", "{70068D92-2C37-421D-A06F-7C53A6BD99AF}"
EndProject
Project("{9A19103F-16F7-4668-BE54-9A1E7A4F7556}") = "mobileStore.BackendApi", "mobileStore.BackendApi\mobileStore.BackendApi.csproj", "{89F42AA0-F536-4A1B-AC8E-00A3FCCE8483}"
	ProjectSection(ProjectDependencies) = postProject
		{14CF2CA5-055D-436F-A77B-BC50AC14B8BB} = {14CF2CA5-055D-436F-A77B-BC50AC14B8BB}
		{70068D92-2C37-421D-A06F-7C53A6BD99AF} = {70068D92-2C37-421D-A06F-7C53A6BD99AF}
		{9EE1CC4A-3315-497C-933C-246E5474D694} = {9EE1CC4A-3315-497C-933C-246E5474D694}
		{D85A0412-0D7B-415E-8850-8EA3981460C2} = {D85A0412-0D7B-415E-8850-8EA3981460C2}
	EndProjectSection
EndProject
Project("{2150E333-8FDC-42A3-9474-1A3956D46DE8}") = "1. Infrastructure", "1. Infrastructure", "{26BF7354-F255-4899-8FA2-EEED97606AD5}"
EndProject
Project("{2150E333-8FDC-42A3-9474-1A3956D46DE8}") = "2. Domain", "2. Domain", "{8CF545F0-ACF8-42EA-97CB-EA43098189AE}"
EndProject
Project("{2150E333-8FDC-42A3-9474-1A3956D46DE8}") = "3. Host", "3. Host", "{1515A5F6-4F1E-4FE5-93DA-C875480BB9D7}"
EndProject
Project("{9A19103F-16F7-4668-BE54-9A1E7A4F7556}") = "mobileStore.AdminApp", "mobileStore.AdminApp\mobileStore.AdminApp.csproj", "{0156215B-3D56-4BA0-87D7-4172C25927D3}"
	ProjectSection(ProjectDependencies) = postProject
		{14CF2CA5-055D-436F-A77B-BC50AC14B8BB} = {14CF2CA5-055D-436F-A77B-BC50AC14B8BB}
		{2EDECC61-29C7-4354-A625-B21155897BCE} = {2EDECC61-29C7-4354-A625-B21155897BCE}
		{70068D92-2C37-421D-A06F-7C53A6BD99AF} = {70068D92-2C37-421D-A06F-7C53A6BD99AF}
		{9EE1CC4A-3315-497C-933C-246E5474D694} = {9EE1CC4A-3315-497C-933C-246E5474D694}
		{D85A0412-0D7B-415E-8850-8EA3981460C2} = {D85A0412-0D7B-415E-8850-8EA3981460C2}
	EndProjectSection
EndProject
Project("{FAE04EC0-301F-11D3-BF4B-00C04F79EFBC}") = "mobileStore.ApiIntegration", "mobileStore.ApiIntegration\mobileStore.ApiIntegration.csproj", "{9F62FA7C-79E3-42FD-9FCF-F0332898CC28}"
EndProject
Global
	GlobalSection(SolutionConfigurationPlatforms) = preSolution
		Debug|Any CPU = Debug|Any CPU
		Release|Any CPU = Release|Any CPU
	EndGlobalSection
	GlobalSection(ProjectConfigurationPlatforms) = postSolution
		{C80E4D5D-60EA-4D92-B4A1-6C748B0CB5FA}.Debug|Any CPU.ActiveCfg = Debug|Any CPU
		{C80E4D5D-60EA-4D92-B4A1-6C748B0CB5FA}.Debug|Any CPU.Build.0 = Debug|Any CPU
		{C80E4D5D-60EA-4D92-B4A1-6C748B0CB5FA}.Release|Any CPU.ActiveCfg = Release|Any CPU
		{C80E4D5D-60EA-4D92-B4A1-6C748B0CB5FA}.Release|Any CPU.Build.0 = Release|Any CPU
		{D85A0412-0D7B-415E-8850-8EA3981460C2}.Debug|Any CPU.ActiveCfg = Debug|Any CPU
		{D85A0412-0D7B-415E-8850-8EA3981460C2}.Debug|Any CPU.Build.0 = Debug|Any CPU
		{D85A0412-0D7B-415E-8850-8EA3981460C2}.Release|Any CPU.ActiveCfg = Release|Any CPU
		{D85A0412-0D7B-415E-8850-8EA3981460C2}.Release|Any CPU.Build.0 = Release|Any CPU
		{14CF2CA5-055D-436F-A77B-BC50AC14B8BB}.Debug|Any CPU.ActiveCfg = Debug|Any CPU
		{14CF2CA5-055D-436F-A77B-BC50AC14B8BB}.Debug|Any CPU.Build.0 = Debug|Any CPU
		{14CF2CA5-055D-436F-A77B-BC50AC14B8BB}.Release|Any CPU.ActiveCfg = Release|Any CPU
		{14CF2CA5-055D-436F-A77B-BC50AC14B8BB}.Release|Any CPU.Build.0 = Release|Any CPU
		{9EE1CC4A-3315-497C-933C-246E5474D694}.Debug|Any CPU.ActiveCfg = Debug|Any CPU
		{9EE1CC4A-3315-497C-933C-246E5474D694}.Debug|Any CPU.Build.0 = Debug|Any CPU
		{9EE1CC4A-3315-497C-933C-246E5474D694}.Release|Any CPU.ActiveCfg = Release|Any CPU
		{9EE1CC4A-3315-497C-933C-246E5474D694}.Release|Any CPU.Build.0 = Release|Any CPU
		{70068D92-2C37-421D-A06F-7C53A6BD99AF}.Debug|Any CPU.ActiveCfg = Debug|Any CPU
		{70068D92-2C37-421D-A06F-7C53A6BD99AF}.Debug|Any CPU.Build.0 = Debug|Any CPU
		{70068D92-2C37-421D-A06F-7C53A6BD99AF}.Release|Any CPU.ActiveCfg = Release|Any CPU
		{70068D92-2C37-421D-A06F-7C53A6BD99AF}.Release|Any CPU.Build.0 = Release|Any CPU
		{89F42AA0-F536-4A1B-AC8E-00A3FCCE8483}.Debug|Any CPU.ActiveCfg = Debug|Any CPU
		{89F42AA0-F536-4A1B-AC8E-00A3FCCE8483}.Debug|Any CPU.Build.0 = Debug|Any CPU
		{89F42AA0-F536-4A1B-AC8E-00A3FCCE8483}.Release|Any CPU.ActiveCfg = Release|Any CPU
		{89F42AA0-F536-4A1B-AC8E-00A3FCCE8483}.Release|Any CPU.Build.0 = Release|Any CPU
		{0156215B-3D56-4BA0-87D7-4172C25927D3}.Debug|Any CPU.ActiveCfg = Debug|Any CPU
		{0156215B-3D56-4BA0-87D7-4172C25927D3}.Debug|Any CPU.Build.0 = Debug|Any CPU
		{0156215B-3D56-4BA0-87D7-4172C25927D3}.Release|Any CPU.ActiveCfg = Release|Any CPU
		{0156215B-3D56-4BA0-87D7-4172C25927D3}.Release|Any CPU.Build.0 = Release|Any CPU
		{2EDECC61-29C7-4354-A625-B21155897BCE}.Debug|Any CPU.ActiveCfg = Debug|Any CPU
		{2EDECC61-29C7-4354-A625-B21155897BCE}.Debug|Any CPU.Build.0 = Debug|Any CPU
		{2EDECC61-29C7-4354-A625-B21155897BCE}.Release|Any CPU.ActiveCfg = Release|Any CPU
		{2EDECC61-29C7-4354-A625-B21155897BCE}.Release|Any CPU.Build.0 = Release|Any CPU
		{9F62FA7C-79E3-42FD-9FCF-F0332898CC28}.Debug|Any CPU.ActiveCfg = Debug|Any CPU
		{9F62FA7C-79E3-42FD-9FCF-F0332898CC28}.Debug|Any CPU.Build.0 = Debug|Any CPU
		{9F62FA7C-79E3-42FD-9FCF-F0332898CC28}.Release|Any CPU.ActiveCfg = Release|Any CPU
		{9F62FA7C-79E3-42FD-9FCF-F0332898CC28}.Release|Any CPU.Build.0 = Release|Any CPU
	EndGlobalSection
	GlobalSection(SolutionProperties) = preSolution
		HideSolutionNode = FALSE
	EndGlobalSection
	GlobalSection(NestedProjects) = preSolution
		{C80E4D5D-60EA-4D92-B4A1-6C748B0CB5FA} = {1515A5F6-4F1E-4FE5-93DA-C875480BB9D7}
		{D85A0412-0D7B-415E-8850-8EA3981460C2} = {8CF545F0-ACF8-42EA-97CB-EA43098189AE}
		{14CF2CA5-055D-436F-A77B-BC50AC14B8BB} = {8CF545F0-ACF8-42EA-97CB-EA43098189AE}
		{9EE1CC4A-3315-497C-933C-246E5474D694} = {26BF7354-F255-4899-8FA2-EEED97606AD5}
		{70068D92-2C37-421D-A06F-7C53A6BD99AF} = {26BF7354-F255-4899-8FA2-EEED97606AD5}
		{89F42AA0-F536-4A1B-AC8E-00A3FCCE8483} = {1515A5F6-4F1E-4FE5-93DA-C875480BB9D7}
		{0156215B-3D56-4BA0-87D7-4172C25927D3} = {1515A5F6-4F1E-4FE5-93DA-C875480BB9D7}
		{2EDECC61-29C7-4354-A625-B21155897BCE} = {1515A5F6-4F1E-4FE5-93DA-C875480BB9D7}
	EndGlobalSection
	GlobalSection(ExtensibilityGlobals) = postSolution
		SolutionGuid = {509AE354-E9E7-48E3-92BB-B5AA15E9B719}
	EndGlobalSection
EndGlobal
